
Microsoft Visual Studio Solution File, Format Version 12.00
# Visual Studio Version 16
VisualStudioVersion = 16.0.31129.286
MinimumVisualStudioVersion = 10.0.40219.1
Project("{FAE04EC0-301F-11D3-BF4B-00C04F79EFBC}") = "Week2Review", "Week2Review\Week2Review.csproj", "{2768D999-7883-433F-B583-9CC4F3D67EB6}"
EndProject
Global
	GlobalSection(SolutionConfigurationPlatforms) = preSolution
		Debug|Any CPU = Debug|Any CPU
		Release|Any CPU = Release|Any CPU
	EndGlobalSection
	GlobalSection(ProjectConfigurationPlatforms) = postSolution
		{2768D999-7883-433F-B583-9CC4F3D67EB6}.Debug|Any CPU.ActiveCfg = Debug|Any CPU
		{2768D999-7883-433F-B583-9CC4F3D67EB6}.Debug|Any CPU.Build.0 = Debug|Any CPU
		{2768D999-7883-433F-B583-9CC4F3D67EB6}.Release|Any CPU.ActiveCfg = Release|Any CPU
		{2768D999-7883-433F-B583-9CC4F3D67EB6}.Release|Any CPU.Build.0 = Release|Any CPU
	EndGlobalSection
	GlobalSection(SolutionProperties) = preSolution
		HideSolutionNode = FALSE
	EndGlobalSection
	GlobalSection(ExtensibilityGlobals) = postSolution
		SolutionGuid = {7052A929-F94D-4739-BCB3-3E19B134EF77}
	EndGlobalSection
EndGlobal
