
Microsoft Visual Studio Solution File, Format Version 12.00
# Visual Studio Version 16
VisualStudioVersion = 16.0.31402.337
MinimumVisualStudioVersion = 10.0.40219.1
Project("{FAE04EC0-301F-11D3-BF4B-00C04F79EFBC}") = "SallyTheSquirrel", "SallyTheSquirrel\SallyTheSquirrel.csproj", "{83E3C58F-26CD-4264-9981-12B703D54D87}"
EndProject
Global
	GlobalSection(SolutionConfigurationPlatforms) = preSolution
		Debug|Any CPU = Debug|Any CPU
		Release|Any CPU = Release|Any CPU
	EndGlobalSection
	GlobalSection(ProjectConfigurationPlatforms) = postSolution
		{83E3C58F-26CD-4264-9981-12B703D54D87}.Debug|Any CPU.ActiveCfg = Debug|Any CPU
		{83E3C58F-26CD-4264-9981-12B703D54D87}.Debug|Any CPU.Build.0 = Debug|Any CPU
		{83E3C58F-26CD-4264-9981-12B703D54D87}.Release|Any CPU.ActiveCfg = Release|Any CPU
		{83E3C58F-26CD-4264-9981-12B703D54D87}.Release|Any CPU.Build.0 = Release|Any CPU
	EndGlobalSection
	GlobalSection(SolutionProperties) = preSolution
		HideSolutionNode = FALSE
	EndGlobalSection
	GlobalSection(ExtensibilityGlobals) = postSolution
		SolutionGuid = {69518F85-1A11-435D-BE5F-4798AA4F209D}
	EndGlobalSection
EndGlobal
