
Microsoft Visual Studio Solution File, Format Version 12.00
# Visual Studio Version 16
VisualStudioVersion = 16.0.31402.337
MinimumVisualStudioVersion = 10.0.40219.1
Project("{FAE04EC0-301F-11D3-BF4B-00C04F79EFBC}") = "Facts-Server", "Facts-Server\Facts-Server.csproj", "{C5AB3749-B873-46C8-B969-C45C8C23CC1B}"
EndProject
Global
	GlobalSection(SolutionConfigurationPlatforms) = preSolution
		Debug|Any CPU = Debug|Any CPU
		Release|Any CPU = Release|Any CPU
	EndGlobalSection
	GlobalSection(ProjectConfigurationPlatforms) = postSolution
		{C5AB3749-B873-46C8-B969-C45C8C23CC1B}.Debug|Any CPU.ActiveCfg = Debug|Any CPU
		{C5AB3749-B873-46C8-B969-C45C8C23CC1B}.Debug|Any CPU.Build.0 = Debug|Any CPU
		{C5AB3749-B873-46C8-B969-C45C8C23CC1B}.Release|Any CPU.ActiveCfg = Release|Any CPU
		{C5AB3749-B873-46C8-B969-C45C8C23CC1B}.Release|Any CPU.Build.0 = Release|Any CPU
	EndGlobalSection
	GlobalSection(SolutionProperties) = preSolution
		HideSolutionNode = FALSE
	EndGlobalSection
	GlobalSection(ExtensibilityGlobals) = postSolution
		SolutionGuid = {3FAD0D72-486D-475D-9139-1E20DA5B9F38}
	EndGlobalSection
EndGlobal
