
Microsoft Visual Studio Solution File, Format Version 12.00
# Visual Studio Version 16
VisualStudioVersion = 16.0.31402.337
MinimumVisualStudioVersion = 10.0.40219.1
Project("{9A19103F-16F7-4668-BE54-9A1E7A4F7556}") = "Facts-Server", "Facts-Server\Facts-Server.csproj", "{C5AB3749-B873-46C8-B969-C45C8C23CC1B}"
EndProject
Project("{2150E333-8FDC-42A3-9474-1A3956D46DE8}") = "Solution Items", "Solution Items", "{636FB93D-4CF3-41DD-93B9-F57FA1449AA0}"
	ProjectSection(SolutionItems) = preProject
		..\FactsDatabase.sql = ..\FactsDatabase.sql
	EndProjectSection
EndProject
Global
	GlobalSection(SolutionConfigurationPlatforms) = preSolution
		Debug|Any CPU = Debug|Any CPU
		Release|Any CPU = Release|Any CPU
	EndGlobalSection
	GlobalSection(ProjectConfigurationPlatforms) = postSolution
		{C5AB3749-B873-46C8-B969-C45C8C23CC1B}.Debug|Any CPU.ActiveCfg = Debug|Any CPU
		{C5AB3749-B873-46C8-B969-C45C8C23CC1B}.Debug|Any CPU.Build.0 = Debug|Any CPU
		{C5AB3749-B873-46C8-B969-C45C8C23CC1B}.Release|Any CPU.ActiveCfg = Release|Any CPU
		{C5AB3749-B873-46C8-B969-C45C8C23CC1B}.Release|Any CPU.Build.0 = Release|Any CPU
	EndGlobalSection
	GlobalSection(SolutionProperties) = preSolution
		HideSolutionNode = FALSE
	EndGlobalSection
	GlobalSection(ExtensibilityGlobals) = postSolution
		SolutionGuid = {3FAD0D72-486D-475D-9139-1E20DA5B9F38}
	EndGlobalSection
EndGlobal
