
Microsoft Visual Studio Solution File, Format Version 12.00
# Visual Studio Version 16
VisualStudioVersion = 16.0.30804.86
MinimumVisualStudioVersion = 10.0.40219.1
Project("{FAE04EC0-301F-11D3-BF4B-00C04F79EFBC}") = "FactsClient", "FactsClient\FactsClient.csproj", "{983436D6-9BA7-471F-9CAD-0F92D2CB5DCA}"
EndProject
Global
	GlobalSection(SolutionConfigurationPlatforms) = preSolution
		Debug|Any CPU = Debug|Any CPU
		Release|Any CPU = Release|Any CPU
	EndGlobalSection
	GlobalSection(ProjectConfigurationPlatforms) = postSolution
		{983436D6-9BA7-471F-9CAD-0F92D2CB5DCA}.Debug|Any CPU.ActiveCfg = Debug|Any CPU
		{983436D6-9BA7-471F-9CAD-0F92D2CB5DCA}.Debug|Any CPU.Build.0 = Debug|Any CPU
		{983436D6-9BA7-471F-9CAD-0F92D2CB5DCA}.Release|Any CPU.ActiveCfg = Release|Any CPU
		{983436D6-9BA7-471F-9CAD-0F92D2CB5DCA}.Release|Any CPU.Build.0 = Release|Any CPU
	EndGlobalSection
	GlobalSection(SolutionProperties) = preSolution
		HideSolutionNode = FALSE
	EndGlobalSection
	GlobalSection(ExtensibilityGlobals) = postSolution
		SolutionGuid = {2B966B05-C066-4337-AC3E-49FAB2E3BA99}
	EndGlobalSection
EndGlobal
